
Microsoft Visual Studio Solution File, Format Version 12.00
# Visual Studio 15
Project("{FAE04EC0-301F-11D3-BF4B-00C04F79EFBC}") = "Assembly-CSharp", "Assembly-CSharp.csproj", "{2E3C4E8A-46B5-742A-4D72-A584D281F232}"
EndProject
Project("{FAE04EC0-301F-11D3-BF4B-00C04F79EFBC}") = "Assembly-CSharp-Editor", "Assembly-CSharp-Editor.csproj", "{B0CF9C80-7D51-A635-D6DC-3BF5823CA40A}"
EndProject
Global
	GlobalSection(SolutionConfigurationPlatforms) = preSolution
		Debug|Any CPU = Debug|Any CPU
		Release|Any CPU = Release|Any CPU
	EndGlobalSection
	GlobalSection(ProjectConfigurationPlatforms) = postSolution
		{2E3C4E8A-46B5-742A-4D72-A584D281F232}.Debug|Any CPU.ActiveCfg = Debug|Any CPU
		{2E3C4E8A-46B5-742A-4D72-A584D281F232}.Debug|Any CPU.Build.0 = Debug|Any CPU
		{2E3C4E8A-46B5-742A-4D72-A584D281F232}.Release|Any CPU.ActiveCfg = Release|Any CPU
		{2E3C4E8A-46B5-742A-4D72-A584D281F232}.Release|Any CPU.Build.0 = Release|Any CPU
		{B0CF9C80-7D51-A635-D6DC-3BF5823CA40A}.Debug|Any CPU.ActiveCfg = Debug|Any CPU
		{B0CF9C80-7D51-A635-D6DC-3BF5823CA40A}.Debug|Any CPU.Build.0 = Debug|Any CPU
		{B0CF9C80-7D51-A635-D6DC-3BF5823CA40A}.Release|Any CPU.ActiveCfg = Release|Any CPU
		{B0CF9C80-7D51-A635-D6DC-3BF5823CA40A}.Release|Any CPU.Build.0 = Release|Any CPU
	EndGlobalSection
	GlobalSection(SolutionProperties) = preSolution
		HideSolutionNode = FALSE
	EndGlobalSection
EndGlobal
